// !$*UTF8*$!
{
	archiveVersion = 1;
	classes = {
	};
	objectVersion = 46;
	objects = {

/* Begin PBXFileReference section */
		291D12D917A6421500F6F58C /* STHelper.h */ = {isa = PBXFileReference; lastKnownFileType = sourcecode.c.h; path = STHelper.h; sourceTree = "<group>"; };
		291D12DA17A642FD00F6F58C /* readme.md */ = {isa = PBXFileReference; lastKnownFileType = text; path = readme.md; sourceTree = "<group>"; };
/* End PBXFileReference section */

/* Begin PBXGroup section */
		291D12D217A641B500F6F58C = {
			isa = PBXGroup;
			children = (
				291D12DA17A642FD00F6F58C /* readme.md */,
				291D12D917A6421500F6F58C /* STHelper.h */,
			);
			sourceTree = "<group>";
		};
/* End PBXGroup section */

/* Begin PBXProject section */
		291D12D317A641B500F6F58C /* Project object */ = {
			isa = PBXProject;
			attributes = {
				LastUpgradeCheck = 0500;
			};
			buildConfigurationList = 291D12D617A641B500F6F58C /* Build configuration list for PBXProject "Helpers" */;
			compatibilityVersion = "Xcode 3.2";
			developmentRegion = English;
			hasScannedForEncodings = 0;
			knownRegions = (
				en,
			);
			mainGroup = 291D12D217A641B500F6F58C;
			projectDirPath = "";
			projectRoot = "";
			targets = (
			);
		};
/* End PBXProject section */

/* Begin XCBuildConfiguration section */
		291D12D717A641B500F6F58C /* Debug */ = {
			isa = XCBuildConfiguration;
			buildSettings = {
			};
			name = Debug;
		};
		291D12D817A641B500F6F58C /* Release */ = {
			isa = XCBuildConfiguration;
			buildSettings = {
			};
			name = Release;
		};
/* End XCBuildConfiguration section */

/* Begin XCConfigurationList section */
		291D12D617A641B500F6F58C /* Build configuration list for PBXProject "Helpers" */ = {
			isa = XCConfigurationList;
			buildConfigurations = (
				291D12D717A641B500F6F58C /* Debug */,
				291D12D817A641B500F6F58C /* Release */,
			);
			defaultConfigurationIsVisible = 0;
			defaultConfigurationName = Release;
		};
/* End XCConfigurationList section */
	};
	rootObject = 291D12D317A641B500F6F58C /* Project object */;
}
